
Microsoft Visual Studio Solution File, Format Version 11.00
# Visual Studio 2010
Project("{FAE04EC0-301F-11D3-BF4B-00C04F79EFBC}") = "Tile Engine", "Tile Engine\Tile Engine.csproj", "{B182F8AE-FD0D-4B57-BC85-E51A63CE99CC}"
EndProject
Project("{FAE04EC0-301F-11D3-BF4B-00C04F79EFBC}") = "Level Editor", "Level Editor\Level Editor\Level Editor.csproj", "{C512C2F2-C061-49E3-87F7-C9A6A8BEB425}"
EndProject
Project("{FAE04EC0-301F-11D3-BF4B-00C04F79EFBC}") = "Level EditorContent", "Level Editor\Level EditorContent\Level EditorContent.contentproj", "{68FF630D-40AB-442F-9D79-B16920B988A3}"
EndProject
Project("{FAE04EC0-301F-11D3-BF4B-00C04F79EFBC}") = "BlackDragon", "BlackDragon\BlackDragon\BlackDragon.csproj", "{0EBF6E5F-9266-4ADE-A3DD-ABFCF9B83270}"
EndProject
Project("{FAE04EC0-301F-11D3-BF4B-00C04F79EFBC}") = "BlackDragonContent", "BlackDragon\BlackDragonContent\BlackDragonContent.contentproj", "{2ECE92CB-BA25-4F6A-9128-D8FE2FE2CC64}"
EndProject
Project("{FAE04EC0-301F-11D3-BF4B-00C04F79EFBC}") = "BufferedInput", "BufferedInput\BufferedInput.csproj", "{9B960308-6EB9-4BE3-B9B4-C6E319A5C126}"
EndProject
Global
	GlobalSection(SolutionConfigurationPlatforms) = preSolution
		Debug|x86 = Debug|x86
		Release|x86 = Release|x86
	EndGlobalSection
	GlobalSection(ProjectConfigurationPlatforms) = postSolution
		{B182F8AE-FD0D-4B57-BC85-E51A63CE99CC}.Debug|x86.ActiveCfg = Debug|x86
		{B182F8AE-FD0D-4B57-BC85-E51A63CE99CC}.Debug|x86.Build.0 = Debug|x86
		{B182F8AE-FD0D-4B57-BC85-E51A63CE99CC}.Release|x86.ActiveCfg = Release|x86
		{B182F8AE-FD0D-4B57-BC85-E51A63CE99CC}.Release|x86.Build.0 = Release|x86
		{C512C2F2-C061-49E3-87F7-C9A6A8BEB425}.Debug|x86.ActiveCfg = Debug|x86
		{C512C2F2-C061-49E3-87F7-C9A6A8BEB425}.Debug|x86.Build.0 = Debug|x86
		{C512C2F2-C061-49E3-87F7-C9A6A8BEB425}.Release|x86.ActiveCfg = Release|x86
		{C512C2F2-C061-49E3-87F7-C9A6A8BEB425}.Release|x86.Build.0 = Release|x86
		{68FF630D-40AB-442F-9D79-B16920B988A3}.Debug|x86.ActiveCfg = Debug|x86
		{68FF630D-40AB-442F-9D79-B16920B988A3}.Release|x86.ActiveCfg = Release|x86
		{0EBF6E5F-9266-4ADE-A3DD-ABFCF9B83270}.Debug|x86.ActiveCfg = Debug|x86
		{0EBF6E5F-9266-4ADE-A3DD-ABFCF9B83270}.Debug|x86.Build.0 = Debug|x86
		{0EBF6E5F-9266-4ADE-A3DD-ABFCF9B83270}.Release|x86.ActiveCfg = Release|x86
		{0EBF6E5F-9266-4ADE-A3DD-ABFCF9B83270}.Release|x86.Build.0 = Release|x86
		{2ECE92CB-BA25-4F6A-9128-D8FE2FE2CC64}.Debug|x86.ActiveCfg = Debug|x86
		{2ECE92CB-BA25-4F6A-9128-D8FE2FE2CC64}.Release|x86.ActiveCfg = Release|x86
		{9B960308-6EB9-4BE3-B9B4-C6E319A5C126}.Debug|x86.ActiveCfg = Debug|x86
		{9B960308-6EB9-4BE3-B9B4-C6E319A5C126}.Debug|x86.Build.0 = Debug|x86
		{9B960308-6EB9-4BE3-B9B4-C6E319A5C126}.Release|x86.ActiveCfg = Release|x86
		{9B960308-6EB9-4BE3-B9B4-C6E319A5C126}.Release|x86.Build.0 = Release|x86
	EndGlobalSection
	GlobalSection(SolutionProperties) = preSolution
		HideSolutionNode = FALSE
	EndGlobalSection
EndGlobal
